{
  "requires": true,
  "lockfileVersion": 1,
  "dependencies": {
    "three": {
      "version": "0.135.0",
      "resolved": "https://registry.npmjs.org/three/-/three-0.135.0.tgz",
      "integrity": "sha512-kuEpuuxRzLv0MDsXai9huCxOSQPZ4vje6y0gn80SRmQvgz6/+rI0NAvCRAw56zYaWKMGMfqKWsxF9Qa2Z9xymQ=="
    },
    "three-csg-ts": {
      "version": "3.1.9",
      "resolved": "https://registry.npmjs.org/three-csg-ts/-/three-csg-ts-3.1.9.tgz",
      "integrity": "sha512-Qke0+07AKDfeiRjh46sOF2iiilSMcKnfgHjuArdMB4poZs3X0FQLHGFIEBbGrv3ejrkHASW9o5pLRfFFQhk9hg=="
    }
  }
}
